
Microsoft Visual Studio Solution File, Format Version 12.00
# Visual Studio Version 17
VisualStudioVersion = 17.11.35219.272
MinimumVisualStudioVersion = 10.0.40219.1
Project("{FAE04EC0-301F-11D3-BF4B-00C04F79EFBC}") = "WindowsFormsApp1", "WindowsFormsApp1.csproj", "{01DFAE68-38E0-4EF2-9695-8C9AF7529BDE}"
EndProject
Project("{FAE04EC0-301F-11D3-BF4B-00C04F79EFBC}") = "DLMDataAccessLayer", "..\DLMDataAccessLayer\DLMDataAccessLayer.csproj", "{FD640391-F577-4833-8378-5F375CC74E62}"
EndProject
Project("{FAE04EC0-301F-11D3-BF4B-00C04F79EFBC}") = "DLMBuisnessLayer", "..\cc\DLMBuisnessLayer.csproj", "{72B82EF1-47FB-48A4-827D-7E2DFA41CF5A}"
EndProject
Global
	GlobalSection(SolutionConfigurationPlatforms) = preSolution
		Debug|Any CPU = Debug|Any CPU
		Release|Any CPU = Release|Any CPU
	EndGlobalSection
	GlobalSection(ProjectConfigurationPlatforms) = postSolution
		{01DFAE68-38E0-4EF2-9695-8C9AF7529BDE}.Debug|Any CPU.ActiveCfg = Debug|Any CPU
		{01DFAE68-38E0-4EF2-9695-8C9AF7529BDE}.Debug|Any CPU.Build.0 = Debug|Any CPU
		{01DFAE68-38E0-4EF2-9695-8C9AF7529BDE}.Release|Any CPU.ActiveCfg = Release|Any CPU
		{01DFAE68-38E0-4EF2-9695-8C9AF7529BDE}.Release|Any CPU.Build.0 = Release|Any CPU
		{FD640391-F577-4833-8378-5F375CC74E62}.Debug|Any CPU.ActiveCfg = Debug|Any CPU
		{FD640391-F577-4833-8378-5F375CC74E62}.Debug|Any CPU.Build.0 = Debug|Any CPU
		{FD640391-F577-4833-8378-5F375CC74E62}.Release|Any CPU.ActiveCfg = Release|Any CPU
		{FD640391-F577-4833-8378-5F375CC74E62}.Release|Any CPU.Build.0 = Release|Any CPU
		{72B82EF1-47FB-48A4-827D-7E2DFA41CF5A}.Debug|Any CPU.ActiveCfg = Debug|Any CPU
		{72B82EF1-47FB-48A4-827D-7E2DFA41CF5A}.Debug|Any CPU.Build.0 = Debug|Any CPU
		{72B82EF1-47FB-48A4-827D-7E2DFA41CF5A}.Release|Any CPU.ActiveCfg = Release|Any CPU
		{72B82EF1-47FB-48A4-827D-7E2DFA41CF5A}.Release|Any CPU.Build.0 = Release|Any CPU
	EndGlobalSection
	GlobalSection(SolutionProperties) = preSolution
		HideSolutionNode = FALSE
	EndGlobalSection
	GlobalSection(ExtensibilityGlobals) = postSolution
		SolutionGuid = {7A18E6DC-286A-4E57-B1A8-C8A18EFBD270}
	EndGlobalSection
EndGlobal
